
Microsoft Visual Studio Solution File, Format Version 12.00
# Visual Studio Version 16
VisualStudioVersion = 16.0.30523.141
MinimumVisualStudioVersion = 10.0.40219.1
Project("{9A19103F-16F7-4668-BE54-9A1E7A4F7556}") = "praxicloud.core.metrics.applicationinsights", "praxicloud.core.metrics.applicationinsights\praxicloud.core.metrics.applicationinsights.csproj", "{932591B2-9D77-4CB8-BFD4-E86264974FFC}"
EndProject
Project("{9A19103F-16F7-4668-BE54-9A1E7A4F7556}") = "praxicloud.core.metrics.prometheus", "praxicloud.core.metrics.prometheus\praxicloud.core.metrics.prometheus.csproj", "{6C16B2F5-01F6-4031-94F4-61F0FB6CD883}"
EndProject
Project("{9A19103F-16F7-4668-BE54-9A1E7A4F7556}") = "praxicloud.core.metrics.prometheus.tests", "praxicloud.core.metrics.prometheus.tests\praxicloud.core.metrics.prometheus.tests.csproj", "{3F49B55F-50B6-4675-9D54-7BC581524F3E}"
EndProject
Global
	GlobalSection(SolutionConfigurationPlatforms) = preSolution
		Debug|Any CPU = Debug|Any CPU
		Release|Any CPU = Release|Any CPU
	EndGlobalSection
	GlobalSection(ProjectConfigurationPlatforms) = postSolution
		{932591B2-9D77-4CB8-BFD4-E86264974FFC}.Debug|Any CPU.ActiveCfg = Debug|Any CPU
		{932591B2-9D77-4CB8-BFD4-E86264974FFC}.Debug|Any CPU.Build.0 = Debug|Any CPU
		{932591B2-9D77-4CB8-BFD4-E86264974FFC}.Release|Any CPU.ActiveCfg = Release|Any CPU
		{932591B2-9D77-4CB8-BFD4-E86264974FFC}.Release|Any CPU.Build.0 = Release|Any CPU
		{6C16B2F5-01F6-4031-94F4-61F0FB6CD883}.Debug|Any CPU.ActiveCfg = Debug|Any CPU
		{6C16B2F5-01F6-4031-94F4-61F0FB6CD883}.Debug|Any CPU.Build.0 = Debug|Any CPU
		{6C16B2F5-01F6-4031-94F4-61F0FB6CD883}.Release|Any CPU.ActiveCfg = Release|Any CPU
		{6C16B2F5-01F6-4031-94F4-61F0FB6CD883}.Release|Any CPU.Build.0 = Release|Any CPU
		{3F49B55F-50B6-4675-9D54-7BC581524F3E}.Debug|Any CPU.ActiveCfg = Debug|Any CPU
		{3F49B55F-50B6-4675-9D54-7BC581524F3E}.Debug|Any CPU.Build.0 = Debug|Any CPU
		{3F49B55F-50B6-4675-9D54-7BC581524F3E}.Release|Any CPU.ActiveCfg = Release|Any CPU
		{3F49B55F-50B6-4675-9D54-7BC581524F3E}.Release|Any CPU.Build.0 = Release|Any CPU
	EndGlobalSection
	GlobalSection(SolutionProperties) = preSolution
		HideSolutionNode = FALSE
	EndGlobalSection
	GlobalSection(ExtensibilityGlobals) = postSolution
		SolutionGuid = {3DBA527F-8AB9-4945-83CF-01E91530BBD6}
	EndGlobalSection
EndGlobal
